{
  "nodes": {
    "flake-utils": {
      "locked": {
        "lastModified": 1649676176,
        "narHash": "sha256-OWKJratjt2RW151VUlJPRALb7OU2S5s+f0vLj4o1bHM=",
        "owner": "numtide",
        "repo": "flake-utils",
        "rev": "a4b154ebbdc88c8498a5c7b01589addc9e9cb678",
        "type": "github"
      },
      "original": {
        "id": "flake-utils",
        "type": "indirect"
      }
    },
    "home-manager": {
      "inputs": {
        "nixpkgs": [
          "nixpkgs"
        ]
      },
      "locked": {
        "lastModified": 1650478719,
        "narHash": "sha256-308c2cM4hW9AW6dSQ080ycXGyEJGkG/OwOINkYL9Mnw=",
        "owner": "nix-community",
        "repo": "home-manager",
        "rev": "93a69d07389311ffd6ce1f4d01836bbc2faec644",
        "type": "github"
      },
      "original": {
        "id": "home-manager",
        "type": "indirect"
      }
    },
    "nixpkgs": {
      "locked": {
        "lastModified": 1650585041,
        "narHash": "sha256-wZAZbkHwXKKdFTrDdKiFIvAtYOgQd3qO1jSSsaWlU84=",
        "owner": "NixOS",
        "repo": "nixpkgs",
        "rev": "f53f90b66921488fb3681ac78528ce407b775590",
        "type": "github"
      },
      "original": {
        "id": "nixpkgs",
        "type": "indirect"
      }
    },
    "root": {
      "inputs": {
        "flake-utils": "flake-utils",
        "home-manager": "home-manager",
        "nixpkgs": "nixpkgs"
      }
    }
  },
  "root": "root",
  "version": 7
}
