{
  "nodes": {
    "flake-utils": {
      "locked": {
        "lastModified": 1649676176,
        "narHash": "sha256-OWKJratjt2RW151VUlJPRALb7OU2S5s+f0vLj4o1bHM=",
        "owner": "numtide",
        "repo": "flake-utils",
        "rev": "a4b154ebbdc88c8498a5c7b01589addc9e9cb678",
        "type": "github"
      },
      "original": {
        "id": "flake-utils",
        "type": "indirect"
      }
    },
    "home-manager": {
      "inputs": {
        "nixpkgs": [
          "nixpkgs"
        ]
      },
      "locked": {
        "lastModified": 1651886851,
        "narHash": "sha256-kbXOJSf1uho0/7P54nZkJdJY3oAelIjyc6tfiRhaXJI=",
        "owner": "nix-community",
        "repo": "home-manager",
        "rev": "882bd8118bdbff3a6e53e5ced393932b351ce2f6",
        "type": "github"
      },
      "original": {
        "id": "home-manager",
        "type": "indirect"
      }
    },
    "nixpkgs": {
      "locked": {
        "lastModified": 1652133925,
        "narHash": "sha256-kfATGChLe9/fQVZkXN9G71JAVMlhePv1qDbaRKklkQs=",
        "owner": "NixOS",
        "repo": "nixpkgs",
        "rev": "51d859cdab1ef58755bd342d45352fc607f5e59b",
        "type": "github"
      },
      "original": {
        "id": "nixpkgs",
        "type": "indirect"
      }
    },
    "root": {
      "inputs": {
        "flake-utils": "flake-utils",
        "home-manager": "home-manager",
        "nixpkgs": "nixpkgs"
      }
    }
  },
  "root": "root",
  "version": 7
}
